{
  "version": "5",
  "specifiers": {
    "jsr:@hono/hono@^4.9.6": "4.9.6",
    "npm:@types/node@*": "22.15.15"
  },
  "jsr": {
    "@hono/hono@4.9.6": {
      "integrity": "b85abb0013d167a290b1808d1d4d542dee269df31d4f47122023259fdd7e184b"
    }
  },
  "npm": {
    "@types/node@22.15.15": {
      "integrity": "sha512-R5muMcZob3/Jjchn5LcO8jdKwSCbzqmPB6ruBxMcf9kbxtniZHP327s6C37iOfuw8mbKK3cAQa7sEl7afLrQ8A==",
      "dependencies": [
        "undici-types"
      ]
    },
    "undici-types@6.21.0": {
      "integrity": "sha512-iwDZqg0QAGrg9Rav5H4n0M64c3mkR59cJ6wQp+7C4nI0gsmExaedaYLNO44eT4AtBBwjbTiGPMlt2Md0T9H9JQ=="
    }
  },
  "workspace": {
    "dependencies": [
      "jsr:@hono/hono@^4.9.6"
    ]
  }
}
